{
  "requires": true,
  "lockfileVersion": 1,
  "dependencies": {
    "react-hook-form": {
      "version": "7.10.1",
      "resolved": "https://registry.npmjs.org/react-hook-form/-/react-hook-form-7.10.1.tgz",
      "integrity": "sha512-YRSkOZ0DJKjJ+PuCB6caFbFSbz6I4JQcGXVb/OeEIVE3YuXXYYJ/YQwodRy8HsZ5WA+DryoThWIeZZzPd5f9lQ=="
    }
  }
}
